
Microsoft Visual Studio Solution File, Format Version 12.00
# Visual Studio 15
VisualStudioVersion = 15.0.26228.4
MinimumVisualStudioVersion = 10.0.40219.1
Project("{2150E333-8FDC-42A3-9474-1A3956D46DE8}") = "Base", "Base", "{9F7F847E-37FF-4F5F-857B-5568F7C147FA}"
EndProject
Project("{2150E333-8FDC-42A3-9474-1A3956D46DE8}") = "General", "General", "{C3E49EF3-33DB-4DEC-A21A-1EF352C1627B}"
EndProject
Project("{FAE04EC0-301F-11D3-BF4B-00C04F79EFBC}") = "HeBianGu.General.WpfControlLib", "..\Source\General\HeBianGu.General.WpfControlLib\HeBianGu.General.WpfControlLib.csproj", "{B49DC15F-B43C-4306-ADF4-8FA6F5DF7F84}"
EndProject
Project("{2150E333-8FDC-42A3-9474-1A3956D46DE8}") = "UserControl", "UserControl", "{54283D36-38CD-4852-8E5B-715FE2549384}"
EndProject
Project("{FAE04EC0-301F-11D3-BF4B-00C04F79EFBC}") = "HeBianGu.General.ModuleManager", "..\Source\General\HeBianGu.General.ModuleManager\HeBianGu.General.ModuleManager.csproj", "{0A44787B-1386-4A3B-B7D4-C9E72249AA8A}"
EndProject
Project("{FAE04EC0-301F-11D3-BF4B-00C04F79EFBC}") = "HeBianGu.Base.Util", "..\Source\Base\HeBianGu.Base.Util\HeBianGu.Base.Util.csproj", "{06FFA263-BFFA-45DF-8E59-DC8FBE0B3007}"
EndProject
Project("{FAE04EC0-301F-11D3-BF4B-00C04F79EFBC}") = "HeBianGu.Control.UserControls", "..\Source\UserControl\HeBianGu.Control.UserControls\HeBianGu.Control.UserControls.csproj", "{0C615DBB-F647-4386-B323-18AAA895D2C1}"
EndProject
Project("{FAE04EC0-301F-11D3-BF4B-00C04F79EFBC}") = "HeBianGu.Base.WpfBaseUnitTester", "..\Source\Base\HeBianGu.Base.WpfBaseUnitTester\HeBianGu.Base.WpfBaseUnitTester.csproj", "{BF451055-0CC5-421B-AA86-304AAD3D9D1B}"
EndProject
Project("{FAE04EC0-301F-11D3-BF4B-00C04F79EFBC}") = "HeBianGu.Base.UtilUnitTester", "..\Source\Base\HeBianGu.Base.UtilUnitTester\HeBianGu.Base.UtilUnitTester.csproj", "{2509D088-50D8-4955-AFBD-8E41B7385EBE}"
EndProject
Project("{FAE04EC0-301F-11D3-BF4B-00C04F79EFBC}") = "HeBianGu.Base.WpfBase", "..\Source\Base\HeBianGu.Base.WpfBase\HeBianGu.Base.WpfBase.csproj", "{435FEB82-599F-48E3-8891-755ACF8E4117}"
EndProject
Project("{FAE04EC0-301F-11D3-BF4B-00C04F79EFBC}") = "HeBianGu.General.WpfDocument", "..\Source\General\HeBianGu.General.WpfDocument\HeBianGu.General.WpfDocument.csproj", "{D17C1033-77D9-46FC-B039-B1F9E1C8CDE2}"
EndProject
Project("{2150E333-8FDC-42A3-9474-1A3956D46DE8}") = "Modules", "Modules", "{CA958A09-E57A-4145-905C-93A8566491D8}"
EndProject
Project("{FAE04EC0-301F-11D3-BF4B-00C04F79EFBC}") = "CasePrototypeModule", "..\Source\Modules\CasePrototypeModule\CasePrototypeModule.csproj", "{EC5512D9-32DE-4057-91E3-9B646F1D5F7C}"
EndProject
Project("{FAE04EC0-301F-11D3-BF4B-00C04F79EFBC}") = "ClipBoardModule", "..\Source\Modules\ClipBoardModule\ClipBoardModule.csproj", "{23715A3C-4AAE-4230-9901-E137E979F221}"
EndProject
Project("{FAE04EC0-301F-11D3-BF4B-00C04F79EFBC}") = "CommonDocumentModule", "..\Source\Modules\CommonDocumentModule\CommonDocumentModule.csproj", "{F472080C-A32F-4D94-9949-D715FC69CB70}"
EndProject
Project("{FAE04EC0-301F-11D3-BF4B-00C04F79EFBC}") = "FavoriteModule", "..\Source\Modules\FavoriteModule\FavoriteModule.csproj", "{0CBB737D-DA4B-4949-A6A8-9233719B2BC8}"
EndProject
Project("{FAE04EC0-301F-11D3-BF4B-00C04F79EFBC}") = "IntergrationToolModule", "..\Source\Modules\IntergrationToolModule\IntergrationToolModule.csproj", "{EC924E03-C118-40A6-8B38-A37422FD8ED0}"
EndProject
Project("{FAE04EC0-301F-11D3-BF4B-00C04F79EFBC}") = "NearlestDocModule", "..\Source\Modules\NearlestDocModule\NearlestDocModule.csproj", "{0FE70C17-97B3-4C16-B171-F2AE435C6DA8}"
EndProject
Project("{FAE04EC0-301F-11D3-BF4B-00C04F79EFBC}") = "NotePadModule", "..\Source\Modules\NotePadModule\NotePadModule.csproj", "{42770BF1-6B63-4D44-9B71-F8E7A9B2ACDF}"
EndProject
Project("{FAE04EC0-301F-11D3-BF4B-00C04F79EFBC}") = "ProcessingBatchModule", "..\Source\Modules\ProcessingBatchModule\ProcessingBatchModule.csproj", "{EFD1472D-9E19-4D6C-9C37-1532B864E122}"
EndProject
Project("{FAE04EC0-301F-11D3-BF4B-00C04F79EFBC}") = "ProgramModule", "..\Source\Modules\ProgramModule\ProgramModule.csproj", "{AD8D4B12-5404-438D-B260-C986D9AF9175}"
EndProject
Project("{FAE04EC0-301F-11D3-BF4B-00C04F79EFBC}") = "SystemFolderModule", "..\Source\Modules\SystemFolderModule\SystemFolderModule.csproj", "{DC9682C2-DD15-435B-A2DE-41FA25FBCF89}"
EndProject
Project("{FAE04EC0-301F-11D3-BF4B-00C04F79EFBC}") = "WindowToolModule", "..\Source\Modules\WindowToolModule\WindowToolModule.csproj", "{C3F4121E-F4A3-4965-A354-32E29A818032}"
EndProject
Project("{FAE04EC0-301F-11D3-BF4B-00C04F79EFBC}") = "HeBianGu.General.Logger", "..\Source\General\HeBianGu.General.Logger\HeBianGu.General.Logger.csproj", "{A51AD5CF-BBAA-4E6E-A671-60F79A80F4C5}"
EndProject
Project("{2150E333-8FDC-42A3-9474-1A3956D46DE8}") = "App", "App", "{F33B4709-5AA9-4B55-9044-4C3A3D593E7C}"
EndProject
Project("{FAE04EC0-301F-11D3-BF4B-00C04F79EFBC}") = "LeaveToObserveApp", "..\Source\Application\LeaveToObserveApp\LeaveToObserveApp.csproj", "{5C98F106-3901-4A73-8D47-7385A322A3B0}"
EndProject
Global
	GlobalSection(SolutionConfigurationPlatforms) = preSolution
		Debug|Any CPU = Debug|Any CPU
		Release|Any CPU = Release|Any CPU
	EndGlobalSection
	GlobalSection(ProjectConfigurationPlatforms) = postSolution
		{B49DC15F-B43C-4306-ADF4-8FA6F5DF7F84}.Debug|Any CPU.ActiveCfg = Debug|Any CPU
		{B49DC15F-B43C-4306-ADF4-8FA6F5DF7F84}.Debug|Any CPU.Build.0 = Debug|Any CPU
		{B49DC15F-B43C-4306-ADF4-8FA6F5DF7F84}.Release|Any CPU.ActiveCfg = Release|Any CPU
		{B49DC15F-B43C-4306-ADF4-8FA6F5DF7F84}.Release|Any CPU.Build.0 = Release|Any CPU
		{0A44787B-1386-4A3B-B7D4-C9E72249AA8A}.Debug|Any CPU.ActiveCfg = Debug|Any CPU
		{0A44787B-1386-4A3B-B7D4-C9E72249AA8A}.Debug|Any CPU.Build.0 = Debug|Any CPU
		{0A44787B-1386-4A3B-B7D4-C9E72249AA8A}.Release|Any CPU.ActiveCfg = Release|Any CPU
		{0A44787B-1386-4A3B-B7D4-C9E72249AA8A}.Release|Any CPU.Build.0 = Release|Any CPU
		{06FFA263-BFFA-45DF-8E59-DC8FBE0B3007}.Debug|Any CPU.ActiveCfg = Debug|Any CPU
		{06FFA263-BFFA-45DF-8E59-DC8FBE0B3007}.Debug|Any CPU.Build.0 = Debug|Any CPU
		{06FFA263-BFFA-45DF-8E59-DC8FBE0B3007}.Release|Any CPU.ActiveCfg = Release|Any CPU
		{06FFA263-BFFA-45DF-8E59-DC8FBE0B3007}.Release|Any CPU.Build.0 = Release|Any CPU
		{0C615DBB-F647-4386-B323-18AAA895D2C1}.Debug|Any CPU.ActiveCfg = Debug|Any CPU
		{0C615DBB-F647-4386-B323-18AAA895D2C1}.Debug|Any CPU.Build.0 = Debug|Any CPU
		{0C615DBB-F647-4386-B323-18AAA895D2C1}.Release|Any CPU.ActiveCfg = Release|Any CPU
		{0C615DBB-F647-4386-B323-18AAA895D2C1}.Release|Any CPU.Build.0 = Release|Any CPU
		{BF451055-0CC5-421B-AA86-304AAD3D9D1B}.Debug|Any CPU.ActiveCfg = Debug|Any CPU
		{BF451055-0CC5-421B-AA86-304AAD3D9D1B}.Debug|Any CPU.Build.0 = Debug|Any CPU
		{BF451055-0CC5-421B-AA86-304AAD3D9D1B}.Release|Any CPU.ActiveCfg = Release|Any CPU
		{BF451055-0CC5-421B-AA86-304AAD3D9D1B}.Release|Any CPU.Build.0 = Release|Any CPU
		{2509D088-50D8-4955-AFBD-8E41B7385EBE}.Debug|Any CPU.ActiveCfg = Debug|Any CPU
		{2509D088-50D8-4955-AFBD-8E41B7385EBE}.Debug|Any CPU.Build.0 = Debug|Any CPU
		{2509D088-50D8-4955-AFBD-8E41B7385EBE}.Release|Any CPU.ActiveCfg = Release|Any CPU
		{2509D088-50D8-4955-AFBD-8E41B7385EBE}.Release|Any CPU.Build.0 = Release|Any CPU
		{435FEB82-599F-48E3-8891-755ACF8E4117}.Debug|Any CPU.ActiveCfg = Debug|Any CPU
		{435FEB82-599F-48E3-8891-755ACF8E4117}.Debug|Any CPU.Build.0 = Debug|Any CPU
		{435FEB82-599F-48E3-8891-755ACF8E4117}.Release|Any CPU.ActiveCfg = Release|Any CPU
		{435FEB82-599F-48E3-8891-755ACF8E4117}.Release|Any CPU.Build.0 = Release|Any CPU
		{D17C1033-77D9-46FC-B039-B1F9E1C8CDE2}.Debug|Any CPU.ActiveCfg = Debug|Any CPU
		{D17C1033-77D9-46FC-B039-B1F9E1C8CDE2}.Debug|Any CPU.Build.0 = Debug|Any CPU
		{D17C1033-77D9-46FC-B039-B1F9E1C8CDE2}.Release|Any CPU.ActiveCfg = Release|Any CPU
		{D17C1033-77D9-46FC-B039-B1F9E1C8CDE2}.Release|Any CPU.Build.0 = Release|Any CPU
		{EC5512D9-32DE-4057-91E3-9B646F1D5F7C}.Debug|Any CPU.ActiveCfg = Debug|Any CPU
		{EC5512D9-32DE-4057-91E3-9B646F1D5F7C}.Debug|Any CPU.Build.0 = Debug|Any CPU
		{EC5512D9-32DE-4057-91E3-9B646F1D5F7C}.Release|Any CPU.ActiveCfg = Release|Any CPU
		{EC5512D9-32DE-4057-91E3-9B646F1D5F7C}.Release|Any CPU.Build.0 = Release|Any CPU
		{23715A3C-4AAE-4230-9901-E137E979F221}.Debug|Any CPU.ActiveCfg = Debug|Any CPU
		{23715A3C-4AAE-4230-9901-E137E979F221}.Debug|Any CPU.Build.0 = Debug|Any CPU
		{23715A3C-4AAE-4230-9901-E137E979F221}.Release|Any CPU.ActiveCfg = Release|Any CPU
		{23715A3C-4AAE-4230-9901-E137E979F221}.Release|Any CPU.Build.0 = Release|Any CPU
		{F472080C-A32F-4D94-9949-D715FC69CB70}.Debug|Any CPU.ActiveCfg = Debug|Any CPU
		{F472080C-A32F-4D94-9949-D715FC69CB70}.Debug|Any CPU.Build.0 = Debug|Any CPU
		{F472080C-A32F-4D94-9949-D715FC69CB70}.Release|Any CPU.ActiveCfg = Release|Any CPU
		{F472080C-A32F-4D94-9949-D715FC69CB70}.Release|Any CPU.Build.0 = Release|Any CPU
		{0CBB737D-DA4B-4949-A6A8-9233719B2BC8}.Debug|Any CPU.ActiveCfg = Debug|Any CPU
		{0CBB737D-DA4B-4949-A6A8-9233719B2BC8}.Debug|Any CPU.Build.0 = Debug|Any CPU
		{0CBB737D-DA4B-4949-A6A8-9233719B2BC8}.Release|Any CPU.ActiveCfg = Release|Any CPU
		{0CBB737D-DA4B-4949-A6A8-9233719B2BC8}.Release|Any CPU.Build.0 = Release|Any CPU
		{EC924E03-C118-40A6-8B38-A37422FD8ED0}.Debug|Any CPU.ActiveCfg = Debug|Any CPU
		{EC924E03-C118-40A6-8B38-A37422FD8ED0}.Debug|Any CPU.Build.0 = Debug|Any CPU
		{EC924E03-C118-40A6-8B38-A37422FD8ED0}.Release|Any CPU.ActiveCfg = Release|Any CPU
		{EC924E03-C118-40A6-8B38-A37422FD8ED0}.Release|Any CPU.Build.0 = Release|Any CPU
		{0FE70C17-97B3-4C16-B171-F2AE435C6DA8}.Debug|Any CPU.ActiveCfg = Debug|Any CPU
		{0FE70C17-97B3-4C16-B171-F2AE435C6DA8}.Debug|Any CPU.Build.0 = Debug|Any CPU
		{0FE70C17-97B3-4C16-B171-F2AE435C6DA8}.Release|Any CPU.ActiveCfg = Release|Any CPU
		{0FE70C17-97B3-4C16-B171-F2AE435C6DA8}.Release|Any CPU.Build.0 = Release|Any CPU
		{42770BF1-6B63-4D44-9B71-F8E7A9B2ACDF}.Debug|Any CPU.ActiveCfg = Debug|Any CPU
		{42770BF1-6B63-4D44-9B71-F8E7A9B2ACDF}.Debug|Any CPU.Build.0 = Debug|Any CPU
		{42770BF1-6B63-4D44-9B71-F8E7A9B2ACDF}.Release|Any CPU.ActiveCfg = Release|Any CPU
		{42770BF1-6B63-4D44-9B71-F8E7A9B2ACDF}.Release|Any CPU.Build.0 = Release|Any CPU
		{EFD1472D-9E19-4D6C-9C37-1532B864E122}.Debug|Any CPU.ActiveCfg = Debug|Any CPU
		{EFD1472D-9E19-4D6C-9C37-1532B864E122}.Debug|Any CPU.Build.0 = Debug|Any CPU
		{EFD1472D-9E19-4D6C-9C37-1532B864E122}.Release|Any CPU.ActiveCfg = Release|Any CPU
		{EFD1472D-9E19-4D6C-9C37-1532B864E122}.Release|Any CPU.Build.0 = Release|Any CPU
		{AD8D4B12-5404-438D-B260-C986D9AF9175}.Debug|Any CPU.ActiveCfg = Debug|Any CPU
		{AD8D4B12-5404-438D-B260-C986D9AF9175}.Debug|Any CPU.Build.0 = Debug|Any CPU
		{AD8D4B12-5404-438D-B260-C986D9AF9175}.Release|Any CPU.ActiveCfg = Release|Any CPU
		{AD8D4B12-5404-438D-B260-C986D9AF9175}.Release|Any CPU.Build.0 = Release|Any CPU
		{DC9682C2-DD15-435B-A2DE-41FA25FBCF89}.Debug|Any CPU.ActiveCfg = Debug|Any CPU
		{DC9682C2-DD15-435B-A2DE-41FA25FBCF89}.Debug|Any CPU.Build.0 = Debug|Any CPU
		{DC9682C2-DD15-435B-A2DE-41FA25FBCF89}.Release|Any CPU.ActiveCfg = Release|Any CPU
		{DC9682C2-DD15-435B-A2DE-41FA25FBCF89}.Release|Any CPU.Build.0 = Release|Any CPU
		{C3F4121E-F4A3-4965-A354-32E29A818032}.Debug|Any CPU.ActiveCfg = Debug|Any CPU
		{C3F4121E-F4A3-4965-A354-32E29A818032}.Debug|Any CPU.Build.0 = Debug|Any CPU
		{C3F4121E-F4A3-4965-A354-32E29A818032}.Release|Any CPU.ActiveCfg = Release|Any CPU
		{C3F4121E-F4A3-4965-A354-32E29A818032}.Release|Any CPU.Build.0 = Release|Any CPU
		{A51AD5CF-BBAA-4E6E-A671-60F79A80F4C5}.Debug|Any CPU.ActiveCfg = Debug|Any CPU
		{A51AD5CF-BBAA-4E6E-A671-60F79A80F4C5}.Debug|Any CPU.Build.0 = Debug|Any CPU
		{A51AD5CF-BBAA-4E6E-A671-60F79A80F4C5}.Release|Any CPU.ActiveCfg = Release|Any CPU
		{A51AD5CF-BBAA-4E6E-A671-60F79A80F4C5}.Release|Any CPU.Build.0 = Release|Any CPU
		{5C98F106-3901-4A73-8D47-7385A322A3B0}.Debug|Any CPU.ActiveCfg = Debug|Any CPU
		{5C98F106-3901-4A73-8D47-7385A322A3B0}.Debug|Any CPU.Build.0 = Debug|Any CPU
		{5C98F106-3901-4A73-8D47-7385A322A3B0}.Release|Any CPU.ActiveCfg = Release|Any CPU
		{5C98F106-3901-4A73-8D47-7385A322A3B0}.Release|Any CPU.Build.0 = Release|Any CPU
	EndGlobalSection
	GlobalSection(SolutionProperties) = preSolution
		HideSolutionNode = FALSE
	EndGlobalSection
	GlobalSection(NestedProjects) = preSolution
		{B49DC15F-B43C-4306-ADF4-8FA6F5DF7F84} = {C3E49EF3-33DB-4DEC-A21A-1EF352C1627B}
		{0A44787B-1386-4A3B-B7D4-C9E72249AA8A} = {C3E49EF3-33DB-4DEC-A21A-1EF352C1627B}
		{06FFA263-BFFA-45DF-8E59-DC8FBE0B3007} = {9F7F847E-37FF-4F5F-857B-5568F7C147FA}
		{0C615DBB-F647-4386-B323-18AAA895D2C1} = {54283D36-38CD-4852-8E5B-715FE2549384}
		{BF451055-0CC5-421B-AA86-304AAD3D9D1B} = {9F7F847E-37FF-4F5F-857B-5568F7C147FA}
		{2509D088-50D8-4955-AFBD-8E41B7385EBE} = {9F7F847E-37FF-4F5F-857B-5568F7C147FA}
		{435FEB82-599F-48E3-8891-755ACF8E4117} = {9F7F847E-37FF-4F5F-857B-5568F7C147FA}
		{D17C1033-77D9-46FC-B039-B1F9E1C8CDE2} = {C3E49EF3-33DB-4DEC-A21A-1EF352C1627B}
		{EC5512D9-32DE-4057-91E3-9B646F1D5F7C} = {CA958A09-E57A-4145-905C-93A8566491D8}
		{23715A3C-4AAE-4230-9901-E137E979F221} = {CA958A09-E57A-4145-905C-93A8566491D8}
		{F472080C-A32F-4D94-9949-D715FC69CB70} = {CA958A09-E57A-4145-905C-93A8566491D8}
		{0CBB737D-DA4B-4949-A6A8-9233719B2BC8} = {CA958A09-E57A-4145-905C-93A8566491D8}
		{EC924E03-C118-40A6-8B38-A37422FD8ED0} = {CA958A09-E57A-4145-905C-93A8566491D8}
		{0FE70C17-97B3-4C16-B171-F2AE435C6DA8} = {CA958A09-E57A-4145-905C-93A8566491D8}
		{42770BF1-6B63-4D44-9B71-F8E7A9B2ACDF} = {CA958A09-E57A-4145-905C-93A8566491D8}
		{EFD1472D-9E19-4D6C-9C37-1532B864E122} = {CA958A09-E57A-4145-905C-93A8566491D8}
		{AD8D4B12-5404-438D-B260-C986D9AF9175} = {CA958A09-E57A-4145-905C-93A8566491D8}
		{DC9682C2-DD15-435B-A2DE-41FA25FBCF89} = {CA958A09-E57A-4145-905C-93A8566491D8}
		{C3F4121E-F4A3-4965-A354-32E29A818032} = {CA958A09-E57A-4145-905C-93A8566491D8}
		{A51AD5CF-BBAA-4E6E-A671-60F79A80F4C5} = {C3E49EF3-33DB-4DEC-A21A-1EF352C1627B}
		{5C98F106-3901-4A73-8D47-7385A322A3B0} = {F33B4709-5AA9-4B55-9044-4C3A3D593E7C}
	EndGlobalSection
EndGlobal
